
Microsoft Visual Studio Solution File, Format Version 12.00
# Visual Studio Version 17
VisualStudioVersion = 17.4.33213.308
MinimumVisualStudioVersion = 10.0.40219.1
Project("{FAE04EC0-301F-11D3-BF4B-00C04F79EFBC}") = "Deliverable (2)", "Deliverable (2)\Deliverable (2).csproj", "{5C5E2AAB-CD96-480E-B592-1AA854BF05B0}"
EndProject
Global
	GlobalSection(SolutionConfigurationPlatforms) = preSolution
		Debug|Any CPU = Debug|Any CPU
		Release|Any CPU = Release|Any CPU
	EndGlobalSection
	GlobalSection(ProjectConfigurationPlatforms) = postSolution
		{5C5E2AAB-CD96-480E-B592-1AA854BF05B0}.Debug|Any CPU.ActiveCfg = Debug|Any CPU
		{5C5E2AAB-CD96-480E-B592-1AA854BF05B0}.Debug|Any CPU.Build.0 = Debug|Any CPU
		{5C5E2AAB-CD96-480E-B592-1AA854BF05B0}.Release|Any CPU.ActiveCfg = Release|Any CPU
		{5C5E2AAB-CD96-480E-B592-1AA854BF05B0}.Release|Any CPU.Build.0 = Release|Any CPU
	EndGlobalSection
	GlobalSection(SolutionProperties) = preSolution
		HideSolutionNode = FALSE
	EndGlobalSection
	GlobalSection(ExtensibilityGlobals) = postSolution
		SolutionGuid = {6D56B1E0-1CB3-450A-B419-14026A7BE12A}
	EndGlobalSection
EndGlobal
